{
  "name": "be-adoptive",
  "version": "0.0.0",
  "lockfileVersion": 1,
  "requires": true,
  "dependencies": {
    "be-decorated": {
      "version": "0.0.43",
      "resolved": "https://registry.npmjs.org/be-decorated/-/be-decorated-0.0.43.tgz",
      "integrity": "sha512-1HKTM6cpNEhxMyBxK2+wiG+rJIAzSvQ2rx/P5rYxlKSAG04aK31+eihrFWc+ONg4bhGAXfTt6rDPxbL+jfhciw==",
      "requires": {
        "trans-render": "0.0.431",
        "xtal-element": "0.0.453"
      }
    },
    "be-hive": {
      "version": "0.0.9",
      "resolved": "https://registry.npmjs.org/be-hive/-/be-hive-0.0.9.tgz",
      "integrity": "sha512-Dm29SgPWAlS6heEbT3mDdKHXfUsZ0j5G1KY//Qk4VY0BYkatdhDWIdZ7M3iiQA57cFY77eSPjUIaU+oNBT/LkQ==",
      "requires": {
        "xtal-element": "0.0.453"
      }
    },
    "trans-render": {
      "version": "0.0.431",
      "resolved": "https://registry.npmjs.org/trans-render/-/trans-render-0.0.431.tgz",
      "integrity": "sha512-usSiw3sLbaBqMxE0T6YczuiKhIB53wTlgjNP3sTho2157UT6LvTWkUf60vwx+lJ2wG2ZpRFZf8uvds+squ0uww=="
    },
    "xtal-element": {
      "version": "0.0.453",
      "resolved": "https://registry.npmjs.org/xtal-element/-/xtal-element-0.0.453.tgz",
      "integrity": "sha512-pYfV5X4ZcjleMjdbCKbSf5uNZaLV5KoTMWRMfnI2kvexGOusRk1aWoqwYALvmxyLwRFSUgmCeILI4y6J3EPCng==",
      "requires": {
        "trans-render": "0.0.431"
      }
    }
  }
}
